
Microsoft Visual Studio Solution File, Format Version 12.00
# Visual Studio 15
VisualStudioVersion = 15.0.28010.2050
MinimumVisualStudioVersion = 10.0.40219.1
Project("{9A19103F-16F7-4668-BE54-9A1E7A4F7556}") = "AWSLambda.StreamTest", "AWSLambda.StreamTest\AWSLambda.StreamTest.csproj", "{7179E3F6-886D-4AF6-AB4F-C8BAEAF21187}"
EndProject
Global
	GlobalSection(SolutionConfigurationPlatforms) = preSolution
		Debug|Any CPU = Debug|Any CPU
		Release|Any CPU = Release|Any CPU
	EndGlobalSection
	GlobalSection(ProjectConfigurationPlatforms) = postSolution
		{7179E3F6-886D-4AF6-AB4F-C8BAEAF21187}.Debug|Any CPU.ActiveCfg = Debug|Any CPU
		{7179E3F6-886D-4AF6-AB4F-C8BAEAF21187}.Debug|Any CPU.Build.0 = Debug|Any CPU
		{7179E3F6-886D-4AF6-AB4F-C8BAEAF21187}.Release|Any CPU.ActiveCfg = Release|Any CPU
		{7179E3F6-886D-4AF6-AB4F-C8BAEAF21187}.Release|Any CPU.Build.0 = Release|Any CPU
	EndGlobalSection
	GlobalSection(SolutionProperties) = preSolution
		HideSolutionNode = FALSE
	EndGlobalSection
	GlobalSection(ExtensibilityGlobals) = postSolution
		SolutionGuid = {4249C935-9803-4B62-A2E2-4F154929700B}
	EndGlobalSection
EndGlobal
